
Microsoft Visual Studio Solution File, Format Version 12.00
# Visual Studio Version 17
VisualStudioVersion = 17.13.35913.81
MinimumVisualStudioVersion = 10.0.40219.1
Project("{FAE04EC0-301F-11D3-BF4B-00C04F79EFBC}") = "Destiny Bingo Randomizer", "Destiny Bingo Randomizer.csproj", "{642765C8-DA90-4CC0-8BD4-A92EDE0B1CE2}"
EndProject
Global
	GlobalSection(SolutionConfigurationPlatforms) = preSolution
		Debug|Any CPU = Debug|Any CPU
		Release|Any CPU = Release|Any CPU
	EndGlobalSection
	GlobalSection(ProjectConfigurationPlatforms) = postSolution
		{642765C8-DA90-4CC0-8BD4-A92EDE0B1CE2}.Debug|Any CPU.ActiveCfg = Debug|Any CPU
		{642765C8-DA90-4CC0-8BD4-A92EDE0B1CE2}.Debug|Any CPU.Build.0 = Debug|Any CPU
		{642765C8-DA90-4CC0-8BD4-A92EDE0B1CE2}.Release|Any CPU.ActiveCfg = Release|Any CPU
		{642765C8-DA90-4CC0-8BD4-A92EDE0B1CE2}.Release|Any CPU.Build.0 = Release|Any CPU
	EndGlobalSection
	GlobalSection(SolutionProperties) = preSolution
		HideSolutionNode = FALSE
	EndGlobalSection
	GlobalSection(ExtensibilityGlobals) = postSolution
		SolutionGuid = {BCC91AB9-2950-43D4-9A9C-8571041ACC35}
	EndGlobalSection
EndGlobal
